
Microsoft Visual Studio Solution File, Format Version 12.00
# Visual Studio Version 17
VisualStudioVersion = 17.11.35327.3
MinimumVisualStudioVersion = 10.0.40219.1
Project("{FAE04EC0-301F-11D3-BF4B-00C04F79EFBC}") = "MazeSolver", "MazeSolver\MazeSolver.csproj", "{0D1B430F-E1E3-483C-A15D-AA342A86AE7F}"
EndProject
Global
	GlobalSection(SolutionConfigurationPlatforms) = preSolution
		Debug|Any CPU = Debug|Any CPU
		Release|Any CPU = Release|Any CPU
	EndGlobalSection
	GlobalSection(ProjectConfigurationPlatforms) = postSolution
		{0D1B430F-E1E3-483C-A15D-AA342A86AE7F}.Debug|Any CPU.ActiveCfg = Debug|Any CPU
		{0D1B430F-E1E3-483C-A15D-AA342A86AE7F}.Debug|Any CPU.Build.0 = Debug|Any CPU
		{0D1B430F-E1E3-483C-A15D-AA342A86AE7F}.Release|Any CPU.ActiveCfg = Release|Any CPU
		{0D1B430F-E1E3-483C-A15D-AA342A86AE7F}.Release|Any CPU.Build.0 = Release|Any CPU
	EndGlobalSection
	GlobalSection(SolutionProperties) = preSolution
		HideSolutionNode = FALSE
	EndGlobalSection
	GlobalSection(ExtensibilityGlobals) = postSolution
		SolutionGuid = {09DCC4EF-3DE8-41F7-A3B9-06CEF81662E4}
	EndGlobalSection
EndGlobal
